
Microsoft Visual Studio Solution File, Format Version 12.00
# Visual Studio 15
VisualStudioVersion = 15.0.28307.168
MinimumVisualStudioVersion = 10.0.40219.1
Project("{FAE04EC0-301F-11D3-BF4B-00C04F79EFBC}") = "sfa.poc.layoutsample.web", "sfa.poc.layoutsample.web\sfa.poc.layoutsample.web.csproj", "{14557AA5-8C25-4D17-B44E-04AF2ABFEB0E}"
EndProject
Global
	GlobalSection(SolutionConfigurationPlatforms) = preSolution
		Debug|Any CPU = Debug|Any CPU
		Release|Any CPU = Release|Any CPU
	EndGlobalSection
	GlobalSection(ProjectConfigurationPlatforms) = postSolution
		{14557AA5-8C25-4D17-B44E-04AF2ABFEB0E}.Debug|Any CPU.ActiveCfg = Debug|Any CPU
		{14557AA5-8C25-4D17-B44E-04AF2ABFEB0E}.Debug|Any CPU.Build.0 = Debug|Any CPU
		{14557AA5-8C25-4D17-B44E-04AF2ABFEB0E}.Release|Any CPU.ActiveCfg = Release|Any CPU
		{14557AA5-8C25-4D17-B44E-04AF2ABFEB0E}.Release|Any CPU.Build.0 = Release|Any CPU
	EndGlobalSection
	GlobalSection(SolutionProperties) = preSolution
		HideSolutionNode = FALSE
	EndGlobalSection
	GlobalSection(ExtensibilityGlobals) = postSolution
		SolutionGuid = {48CCEDEC-54F7-4F64-836B-3C5900688786}
	EndGlobalSection
EndGlobal
