
Microsoft Visual Studio Solution File, Format Version 12.00
# Visual Studio 15
VisualStudioVersion = 15.0.28307.168
MinimumVisualStudioVersion = 10.0.40219.1
Project("{9A19103F-16F7-4668-BE54-9A1E7A4F7556}") = "sfa.poc.matching.fileupload", "Esfa.Ppc.Matching.Web\sfa.poc.matching.fileupload.csproj", "{DC4159ED-FB51-47C6-9A7F-F4CDCD4F6956}"
EndProject
Global
	GlobalSection(SolutionConfigurationPlatforms) = preSolution
		Debug|Any CPU = Debug|Any CPU
		Release|Any CPU = Release|Any CPU
	EndGlobalSection
	GlobalSection(ProjectConfigurationPlatforms) = postSolution
		{DC4159ED-FB51-47C6-9A7F-F4CDCD4F6956}.Debug|Any CPU.ActiveCfg = Debug|Any CPU
		{DC4159ED-FB51-47C6-9A7F-F4CDCD4F6956}.Debug|Any CPU.Build.0 = Debug|Any CPU
		{DC4159ED-FB51-47C6-9A7F-F4CDCD4F6956}.Release|Any CPU.ActiveCfg = Release|Any CPU
		{DC4159ED-FB51-47C6-9A7F-F4CDCD4F6956}.Release|Any CPU.Build.0 = Release|Any CPU
	EndGlobalSection
	GlobalSection(SolutionProperties) = preSolution
		HideSolutionNode = FALSE
	EndGlobalSection
	GlobalSection(ExtensibilityGlobals) = postSolution
		SolutionGuid = {810AF186-2B3D-4523-838D-3D2D6C140B6D}
	EndGlobalSection
EndGlobal
